
Microsoft Visual Studio Solution File, Format Version 12.00
# Visual Studio Version 17
VisualStudioVersion = 17.1.32210.238
MinimumVisualStudioVersion = 10.0.40219.1
Project("{FAE04EC0-301F-11D3-BF4B-00C04F79EFBC}") = "RunOnSave", "RunOnSave.csproj", "{3F4B9256-4283-4CA9-935B-FFFF7CC42974}"
EndProject
Global
	GlobalSection(SolutionConfigurationPlatforms) = preSolution
		D2019|Any CPU = D2019|Any CPU
		D2022|Any CPU = D2022|Any CPU
		R2019|Any CPU = R2019|Any CPU
		R2022|Any CPU = R2022|Any CPU
	EndGlobalSection
	GlobalSection(ProjectConfigurationPlatforms) = postSolution
		{3F4B9256-4283-4CA9-935B-FFFF7CC42974}.D2019|Any CPU.ActiveCfg = D2019|Any CPU
		{3F4B9256-4283-4CA9-935B-FFFF7CC42974}.D2019|Any CPU.Build.0 = D2019|Any CPU
		{3F4B9256-4283-4CA9-935B-FFFF7CC42974}.D2022|Any CPU.ActiveCfg = D2022|Any CPU
		{3F4B9256-4283-4CA9-935B-FFFF7CC42974}.D2022|Any CPU.Build.0 = D2022|Any CPU
		{3F4B9256-4283-4CA9-935B-FFFF7CC42974}.R2019|Any CPU.ActiveCfg = R2019|Any CPU
		{3F4B9256-4283-4CA9-935B-FFFF7CC42974}.R2019|Any CPU.Build.0 = R2019|Any CPU
		{3F4B9256-4283-4CA9-935B-FFFF7CC42974}.R2022|Any CPU.ActiveCfg = R2022|Any CPU
		{3F4B9256-4283-4CA9-935B-FFFF7CC42974}.R2022|Any CPU.Build.0 = R2022|Any CPU
	EndGlobalSection
	GlobalSection(SolutionProperties) = preSolution
		HideSolutionNode = FALSE
	EndGlobalSection
	GlobalSection(ExtensibilityGlobals) = postSolution
		SolutionGuid = {B3EF5458-25A7-428A-BAEF-C7925CAA1B14}
	EndGlobalSection
EndGlobal
